
Microsoft Visual Studio Solution File, Format Version 12.00
# Visual Studio Version 17
VisualStudioVersion = 17.2.32630.192
MinimumVisualStudioVersion = 10.0.40219.1
Project("{9A19103F-16F7-4668-BE54-9A1E7A4F7556}") = "R5T.S0049", "R5T.S0049\R5T.S0049.csproj", "{1A9C4115-6ED8-4D35-83C1-918A0152A049}"
EndProject
Project("{2150E333-8FDC-42A3-9474-1A3956D46DE8}") = "_Dependencies", "_Dependencies", "{01C8F1D7-49E2-47F3-8E1C-45928755DDEE}"
EndProject
Project("{9A19103F-16F7-4668-BE54-9A1E7A4F7556}") = "R5T.F0042", "..\..\R5T.F0042\source\R5T.F0042\R5T.F0042.csproj", "{CA445509-0C08-410A-BE5E-49550DDB2210}"
EndProject
Project("{9A19103F-16F7-4668-BE54-9A1E7A4F7556}") = "R5T.F0000", "..\..\R5T.F0000\source\R5T.F0000\R5T.F0000.csproj", "{D2BB07CA-D60C-4B7F-A9B6-3105CC708C6C}"
EndProject
Project("{9A19103F-16F7-4668-BE54-9A1E7A4F7556}") = "R5T.F0002", "..\..\R5T.F0002\source\R5T.F0002\R5T.F0002.csproj", "{680D49C4-9068-40AB-A1AB-79EB02204E15}"
EndProject
Project("{9A19103F-16F7-4668-BE54-9A1E7A4F7556}") = "R5T.F0019", "..\..\R5T.F0019\source\R5T.F0019\R5T.F0019.csproj", "{77DF50AF-577D-4500-84F4-738CC64FCA3B}"
EndProject
Project("{9A19103F-16F7-4668-BE54-9A1E7A4F7556}") = "R5T.F0032", "..\..\R5T.F0032\source\R5T.F0032\R5T.F0032.csproj", "{5ED15635-EF77-47DD-8DAE-606B0E140066}"
EndProject
Project("{9A19103F-16F7-4668-BE54-9A1E7A4F7556}") = "R5T.F0041", "..\..\R5T.F0041\source\R5T.F0041\R5T.F0041.csproj", "{9152F36E-113A-4ED0-AD0D-99A980329482}"
EndProject
Project("{9A19103F-16F7-4668-BE54-9A1E7A4F7556}") = "R5T.F0046", "..\..\R5T.F0046\source\R5T.F0046\R5T.F0046.csproj", "{DDEFC674-C1B2-4660-BAEE-7E0FA80B98A1}"
EndProject
Project("{9A19103F-16F7-4668-BE54-9A1E7A4F7556}") = "R5T.F0047", "..\..\R5T.F0047\source\R5T.F0047\R5T.F0047.csproj", "{75257A7B-953C-448C-915F-73E491B1D2D8}"
EndProject
Project("{9A19103F-16F7-4668-BE54-9A1E7A4F7556}") = "R5T.F0057", "..\..\R5T.F0057\source\R5T.F0057\R5T.F0057.csproj", "{F582F28A-80D8-490A-B01E-872B37FB7C79}"
EndProject
Project("{9A19103F-16F7-4668-BE54-9A1E7A4F7556}") = "R5T.L0001.Y000", "..\..\R5T.L0001\source\R5T.L0001.Y000\R5T.L0001.Y000.csproj", "{712FDBE4-E886-41B4-888E-5D6CF38EC91A}"
EndProject
Project("{9A19103F-16F7-4668-BE54-9A1E7A4F7556}") = "R5T.L0001.Z000", "..\..\R5T.L0001\source\R5T.L0001.Z000\R5T.L0001.Z000.csproj", "{2E2C9449-130D-45B2-9596-070081A61A75}"
EndProject
Project("{9A19103F-16F7-4668-BE54-9A1E7A4F7556}") = "R5T.L0001", "..\..\R5T.L0001\source\R5T.L0001\R5T.L0001.csproj", "{840481DB-D275-4ACB-BAC9-B765CC3F0AE3}"
EndProject
Project("{9A19103F-16F7-4668-BE54-9A1E7A4F7556}") = "R5T.NG0005", "..\..\R5T.NG0005\source\R5T.NG0005\R5T.NG0005.csproj", "{E04768FC-1758-412B-9B12-93F4C192455E}"
EndProject
Project("{9A19103F-16F7-4668-BE54-9A1E7A4F7556}") = "R5T.NG0006", "..\..\R5T.NG0006\source\R5T.NG0006\R5T.NG0006.csproj", "{DB6FAD84-2714-468C-A243-161D79BAC713}"
EndProject
Project("{9A19103F-16F7-4668-BE54-9A1E7A4F7556}") = "R5T.NG0008", "..\..\R5T.NG0008\source\R5T.NG0008\R5T.NG0008.csproj", "{A83FBE72-8ACA-44CD-A126-22122FF95F29}"
EndProject
Project("{9A19103F-16F7-4668-BE54-9A1E7A4F7556}") = "R5T.T0046", "..\..\R5T.T0046\source\R5T.T0046\R5T.T0046.csproj", "{CF631611-527F-4CA5-99C2-948E88AE9C64}"
EndProject
Project("{9A19103F-16F7-4668-BE54-9A1E7A4F7556}") = "R5T.T0131", "..\..\R5T.T0131\source\R5T.T0131\R5T.T0131.csproj", "{6D2A45AB-D28D-4C98-B9E7-F1F95FAC1898}"
EndProject
Project("{9A19103F-16F7-4668-BE54-9A1E7A4F7556}") = "R5T.T0132", "..\..\R5T.T0132\source\R5T.T0132\R5T.T0132.csproj", "{7B25758E-8613-4873-A8D1-66B78AE8103C}"
EndProject
Project("{9A19103F-16F7-4668-BE54-9A1E7A4F7556}") = "R5T.T0142", "..\..\R5T.T0142\source\R5T.T0142\R5T.T0142.csproj", "{300BFAD2-D9AC-45D5-A75D-1DA478CB677A}"
EndProject
Project("{9A19103F-16F7-4668-BE54-9A1E7A4F7556}") = "R5T.T0143", "..\..\R5T.T0143\source\R5T.T0143\R5T.T0143.csproj", "{95E25FBC-37AB-4CAC-B5E2-595ABDF8ED13}"
EndProject
Project("{9A19103F-16F7-4668-BE54-9A1E7A4F7556}") = "R5T.T0144", "..\..\R5T.T0144\source\R5T.T0144\R5T.T0144.csproj", "{EA00F137-893C-4449-8BD4-D648D14DD8B4}"
EndProject
Project("{9A19103F-16F7-4668-BE54-9A1E7A4F7556}") = "R5T.Y0000", "..\..\R5T.Y0000\source\R5T.Y0000\R5T.Y0000.csproj", "{DC66AA74-B392-4709-A859-089EDD5A32CB}"
EndProject
Project("{9A19103F-16F7-4668-BE54-9A1E7A4F7556}") = "R5T.Y0004", "..\..\R5T.Y0004\source\R5T.Y0004\R5T.Y0004.csproj", "{BB1F561A-ED7E-4C58-8E3C-B157DF736D1F}"
EndProject
Project("{9A19103F-16F7-4668-BE54-9A1E7A4F7556}") = "R5T.Z0000", "..\..\R5T.Z0000\source\R5T.Z0000\R5T.Z0000.csproj", "{9DF25407-AB23-4FBA-8912-25A83BAFBB7F}"
EndProject
Project("{9A19103F-16F7-4668-BE54-9A1E7A4F7556}") = "R5T.Z0005", "..\..\R5T.Z0005\source\R5T.Z0005\R5T.Z0005.csproj", "{47CC2DEC-97D0-45A7-9160-2C50E6FE9D1F}"
EndProject
Project("{9A19103F-16F7-4668-BE54-9A1E7A4F7556}") = "R5T.Z0013", "..\..\R5T.Z0013\source\R5T.Z0013\R5T.Z0013.csproj", "{507352E5-4CD9-48CB-8822-0A77E1336E65}"
EndProject
Project("{9A19103F-16F7-4668-BE54-9A1E7A4F7556}") = "R5T.F0033", "..\..\R5T.F0033\source\R5T.F0033\R5T.F0033.csproj", "{138FA58A-EA42-4E34-B66D-BB364DE92023}"
EndProject
Project("{9A19103F-16F7-4668-BE54-9A1E7A4F7556}") = "R5T.Z0015", "..\..\R5T.Z0015\source\R5T.Z0015\R5T.Z0015.csproj", "{2833132B-00DB-4E0A-AEF3-998081C7A80C}"
EndProject
Project("{9A19103F-16F7-4668-BE54-9A1E7A4F7556}") = "R5T.F0044", "..\..\R5T.F0044\source\R5T.F0044\R5T.F0044.csproj", "{BEEC20DD-4A32-47E3-9E69-317A0088E2E5}"
EndProject
Project("{9A19103F-16F7-4668-BE54-9A1E7A4F7556}") = "R5T.T0153", "..\..\R5T.T0153\source\R5T.T0153\R5T.T0153.csproj", "{0E37B491-F208-4554-9BB9-2D325D133BF8}"
EndProject
Project("{9A19103F-16F7-4668-BE54-9A1E7A4F7556}") = "R5T.F0089", "..\..\R5T.F0089\source\R5T.F0089\R5T.F0089.csproj", "{92F893CB-A2BC-4588-B47E-C4EB2D109F69}"
EndProject
Project("{9A19103F-16F7-4668-BE54-9A1E7A4F7556}") = "R5T.F0080", "..\..\R5T.F0080\source\R5T.F0080\R5T.F0080.csproj", "{245B8197-7960-4140-8616-D57DA8538521}"
EndProject
Project("{9A19103F-16F7-4668-BE54-9A1E7A4F7556}") = "R5T.F0034", "..\..\R5T.F0034\source\R5T.F0034\R5T.F0034.csproj", "{4C3A60A1-51A3-4865-9B4E-52633DA1A736}"
EndProject
Project("{9A19103F-16F7-4668-BE54-9A1E7A4F7556}") = "R5T.F0059", "..\..\R5T.F0059\source\R5T.F0059\R5T.F0059.csproj", "{C8CE0762-0649-4F0D-87FC-DFE17E3BE138}"
EndProject
Global
	GlobalSection(SolutionConfigurationPlatforms) = preSolution
		Debug|Any CPU = Debug|Any CPU
		Release|Any CPU = Release|Any CPU
	EndGlobalSection
	GlobalSection(ProjectConfigurationPlatforms) = postSolution
		{1A9C4115-6ED8-4D35-83C1-918A0152A049}.Debug|Any CPU.ActiveCfg = Debug|Any CPU
		{1A9C4115-6ED8-4D35-83C1-918A0152A049}.Debug|Any CPU.Build.0 = Debug|Any CPU
		{1A9C4115-6ED8-4D35-83C1-918A0152A049}.Release|Any CPU.ActiveCfg = Release|Any CPU
		{1A9C4115-6ED8-4D35-83C1-918A0152A049}.Release|Any CPU.Build.0 = Release|Any CPU
		{CA445509-0C08-410A-BE5E-49550DDB2210}.Debug|Any CPU.ActiveCfg = Debug|Any CPU
		{CA445509-0C08-410A-BE5E-49550DDB2210}.Debug|Any CPU.Build.0 = Debug|Any CPU
		{CA445509-0C08-410A-BE5E-49550DDB2210}.Release|Any CPU.ActiveCfg = Release|Any CPU
		{CA445509-0C08-410A-BE5E-49550DDB2210}.Release|Any CPU.Build.0 = Release|Any CPU
		{D2BB07CA-D60C-4B7F-A9B6-3105CC708C6C}.Debug|Any CPU.ActiveCfg = Debug|Any CPU
		{D2BB07CA-D60C-4B7F-A9B6-3105CC708C6C}.Debug|Any CPU.Build.0 = Debug|Any CPU
		{D2BB07CA-D60C-4B7F-A9B6-3105CC708C6C}.Release|Any CPU.ActiveCfg = Release|Any CPU
		{D2BB07CA-D60C-4B7F-A9B6-3105CC708C6C}.Release|Any CPU.Build.0 = Release|Any CPU
		{680D49C4-9068-40AB-A1AB-79EB02204E15}.Debug|Any CPU.ActiveCfg = Debug|Any CPU
		{680D49C4-9068-40AB-A1AB-79EB02204E15}.Debug|Any CPU.Build.0 = Debug|Any CPU
		{680D49C4-9068-40AB-A1AB-79EB02204E15}.Release|Any CPU.ActiveCfg = Release|Any CPU
		{680D49C4-9068-40AB-A1AB-79EB02204E15}.Release|Any CPU.Build.0 = Release|Any CPU
		{77DF50AF-577D-4500-84F4-738CC64FCA3B}.Debug|Any CPU.ActiveCfg = Debug|Any CPU
		{77DF50AF-577D-4500-84F4-738CC64FCA3B}.Debug|Any CPU.Build.0 = Debug|Any CPU
		{77DF50AF-577D-4500-84F4-738CC64FCA3B}.Release|Any CPU.ActiveCfg = Release|Any CPU
		{77DF50AF-577D-4500-84F4-738CC64FCA3B}.Release|Any CPU.Build.0 = Release|Any CPU
		{5ED15635-EF77-47DD-8DAE-606B0E140066}.Debug|Any CPU.ActiveCfg = Debug|Any CPU
		{5ED15635-EF77-47DD-8DAE-606B0E140066}.Debug|Any CPU.Build.0 = Debug|Any CPU
		{5ED15635-EF77-47DD-8DAE-606B0E140066}.Release|Any CPU.ActiveCfg = Release|Any CPU
		{5ED15635-EF77-47DD-8DAE-606B0E140066}.Release|Any CPU.Build.0 = Release|Any CPU
		{9152F36E-113A-4ED0-AD0D-99A980329482}.Debug|Any CPU.ActiveCfg = Debug|Any CPU
		{9152F36E-113A-4ED0-AD0D-99A980329482}.Debug|Any CPU.Build.0 = Debug|Any CPU
		{9152F36E-113A-4ED0-AD0D-99A980329482}.Release|Any CPU.ActiveCfg = Release|Any CPU
		{9152F36E-113A-4ED0-AD0D-99A980329482}.Release|Any CPU.Build.0 = Release|Any CPU
		{DDEFC674-C1B2-4660-BAEE-7E0FA80B98A1}.Debug|Any CPU.ActiveCfg = Debug|Any CPU
		{DDEFC674-C1B2-4660-BAEE-7E0FA80B98A1}.Debug|Any CPU.Build.0 = Debug|Any CPU
		{DDEFC674-C1B2-4660-BAEE-7E0FA80B98A1}.Release|Any CPU.ActiveCfg = Release|Any CPU
		{DDEFC674-C1B2-4660-BAEE-7E0FA80B98A1}.Release|Any CPU.Build.0 = Release|Any CPU
		{75257A7B-953C-448C-915F-73E491B1D2D8}.Debug|Any CPU.ActiveCfg = Debug|Any CPU
		{75257A7B-953C-448C-915F-73E491B1D2D8}.Debug|Any CPU.Build.0 = Debug|Any CPU
		{75257A7B-953C-448C-915F-73E491B1D2D8}.Release|Any CPU.ActiveCfg = Release|Any CPU
		{75257A7B-953C-448C-915F-73E491B1D2D8}.Release|Any CPU.Build.0 = Release|Any CPU
		{F582F28A-80D8-490A-B01E-872B37FB7C79}.Debug|Any CPU.ActiveCfg = Debug|Any CPU
		{F582F28A-80D8-490A-B01E-872B37FB7C79}.Debug|Any CPU.Build.0 = Debug|Any CPU
		{F582F28A-80D8-490A-B01E-872B37FB7C79}.Release|Any CPU.ActiveCfg = Release|Any CPU
		{F582F28A-80D8-490A-B01E-872B37FB7C79}.Release|Any CPU.Build.0 = Release|Any CPU
		{712FDBE4-E886-41B4-888E-5D6CF38EC91A}.Debug|Any CPU.ActiveCfg = Debug|Any CPU
		{712FDBE4-E886-41B4-888E-5D6CF38EC91A}.Debug|Any CPU.Build.0 = Debug|Any CPU
		{712FDBE4-E886-41B4-888E-5D6CF38EC91A}.Release|Any CPU.ActiveCfg = Release|Any CPU
		{712FDBE4-E886-41B4-888E-5D6CF38EC91A}.Release|Any CPU.Build.0 = Release|Any CPU
		{2E2C9449-130D-45B2-9596-070081A61A75}.Debug|Any CPU.ActiveCfg = Debug|Any CPU
		{2E2C9449-130D-45B2-9596-070081A61A75}.Debug|Any CPU.Build.0 = Debug|Any CPU
		{2E2C9449-130D-45B2-9596-070081A61A75}.Release|Any CPU.ActiveCfg = Release|Any CPU
		{2E2C9449-130D-45B2-9596-070081A61A75}.Release|Any CPU.Build.0 = Release|Any CPU
		{840481DB-D275-4ACB-BAC9-B765CC3F0AE3}.Debug|Any CPU.ActiveCfg = Debug|Any CPU
		{840481DB-D275-4ACB-BAC9-B765CC3F0AE3}.Debug|Any CPU.Build.0 = Debug|Any CPU
		{840481DB-D275-4ACB-BAC9-B765CC3F0AE3}.Release|Any CPU.ActiveCfg = Release|Any CPU
		{840481DB-D275-4ACB-BAC9-B765CC3F0AE3}.Release|Any CPU.Build.0 = Release|Any CPU
		{E04768FC-1758-412B-9B12-93F4C192455E}.Debug|Any CPU.ActiveCfg = Debug|Any CPU
		{E04768FC-1758-412B-9B12-93F4C192455E}.Debug|Any CPU.Build.0 = Debug|Any CPU
		{E04768FC-1758-412B-9B12-93F4C192455E}.Release|Any CPU.ActiveCfg = Release|Any CPU
		{E04768FC-1758-412B-9B12-93F4C192455E}.Release|Any CPU.Build.0 = Release|Any CPU
		{DB6FAD84-2714-468C-A243-161D79BAC713}.Debug|Any CPU.ActiveCfg = Debug|Any CPU
		{DB6FAD84-2714-468C-A243-161D79BAC713}.Debug|Any CPU.Build.0 = Debug|Any CPU
		{DB6FAD84-2714-468C-A243-161D79BAC713}.Release|Any CPU.ActiveCfg = Release|Any CPU
		{DB6FAD84-2714-468C-A243-161D79BAC713}.Release|Any CPU.Build.0 = Release|Any CPU
		{A83FBE72-8ACA-44CD-A126-22122FF95F29}.Debug|Any CPU.ActiveCfg = Debug|Any CPU
		{A83FBE72-8ACA-44CD-A126-22122FF95F29}.Debug|Any CPU.Build.0 = Debug|Any CPU
		{A83FBE72-8ACA-44CD-A126-22122FF95F29}.Release|Any CPU.ActiveCfg = Release|Any CPU
		{A83FBE72-8ACA-44CD-A126-22122FF95F29}.Release|Any CPU.Build.0 = Release|Any CPU
		{CF631611-527F-4CA5-99C2-948E88AE9C64}.Debug|Any CPU.ActiveCfg = Debug|Any CPU
		{CF631611-527F-4CA5-99C2-948E88AE9C64}.Debug|Any CPU.Build.0 = Debug|Any CPU
		{CF631611-527F-4CA5-99C2-948E88AE9C64}.Release|Any CPU.ActiveCfg = Release|Any CPU
		{CF631611-527F-4CA5-99C2-948E88AE9C64}.Release|Any CPU.Build.0 = Release|Any CPU
		{6D2A45AB-D28D-4C98-B9E7-F1F95FAC1898}.Debug|Any CPU.ActiveCfg = Debug|Any CPU
		{6D2A45AB-D28D-4C98-B9E7-F1F95FAC1898}.Debug|Any CPU.Build.0 = Debug|Any CPU
		{6D2A45AB-D28D-4C98-B9E7-F1F95FAC1898}.Release|Any CPU.ActiveCfg = Release|Any CPU
		{6D2A45AB-D28D-4C98-B9E7-F1F95FAC1898}.Release|Any CPU.Build.0 = Release|Any CPU
		{7B25758E-8613-4873-A8D1-66B78AE8103C}.Debug|Any CPU.ActiveCfg = Debug|Any CPU
		{7B25758E-8613-4873-A8D1-66B78AE8103C}.Debug|Any CPU.Build.0 = Debug|Any CPU
		{7B25758E-8613-4873-A8D1-66B78AE8103C}.Release|Any CPU.ActiveCfg = Release|Any CPU
		{7B25758E-8613-4873-A8D1-66B78AE8103C}.Release|Any CPU.Build.0 = Release|Any CPU
		{300BFAD2-D9AC-45D5-A75D-1DA478CB677A}.Debug|Any CPU.ActiveCfg = Debug|Any CPU
		{300BFAD2-D9AC-45D5-A75D-1DA478CB677A}.Debug|Any CPU.Build.0 = Debug|Any CPU
		{300BFAD2-D9AC-45D5-A75D-1DA478CB677A}.Release|Any CPU.ActiveCfg = Release|Any CPU
		{300BFAD2-D9AC-45D5-A75D-1DA478CB677A}.Release|Any CPU.Build.0 = Release|Any CPU
		{95E25FBC-37AB-4CAC-B5E2-595ABDF8ED13}.Debug|Any CPU.ActiveCfg = Debug|Any CPU
		{95E25FBC-37AB-4CAC-B5E2-595ABDF8ED13}.Debug|Any CPU.Build.0 = Debug|Any CPU
		{95E25FBC-37AB-4CAC-B5E2-595ABDF8ED13}.Release|Any CPU.ActiveCfg = Release|Any CPU
		{95E25FBC-37AB-4CAC-B5E2-595ABDF8ED13}.Release|Any CPU.Build.0 = Release|Any CPU
		{EA00F137-893C-4449-8BD4-D648D14DD8B4}.Debug|Any CPU.ActiveCfg = Debug|Any CPU
		{EA00F137-893C-4449-8BD4-D648D14DD8B4}.Debug|Any CPU.Build.0 = Debug|Any CPU
		{EA00F137-893C-4449-8BD4-D648D14DD8B4}.Release|Any CPU.ActiveCfg = Release|Any CPU
		{EA00F137-893C-4449-8BD4-D648D14DD8B4}.Release|Any CPU.Build.0 = Release|Any CPU
		{DC66AA74-B392-4709-A859-089EDD5A32CB}.Debug|Any CPU.ActiveCfg = Debug|Any CPU
		{DC66AA74-B392-4709-A859-089EDD5A32CB}.Debug|Any CPU.Build.0 = Debug|Any CPU
		{DC66AA74-B392-4709-A859-089EDD5A32CB}.Release|Any CPU.ActiveCfg = Release|Any CPU
		{DC66AA74-B392-4709-A859-089EDD5A32CB}.Release|Any CPU.Build.0 = Release|Any CPU
		{BB1F561A-ED7E-4C58-8E3C-B157DF736D1F}.Debug|Any CPU.ActiveCfg = Debug|Any CPU
		{BB1F561A-ED7E-4C58-8E3C-B157DF736D1F}.Debug|Any CPU.Build.0 = Debug|Any CPU
		{BB1F561A-ED7E-4C58-8E3C-B157DF736D1F}.Release|Any CPU.ActiveCfg = Release|Any CPU
		{BB1F561A-ED7E-4C58-8E3C-B157DF736D1F}.Release|Any CPU.Build.0 = Release|Any CPU
		{9DF25407-AB23-4FBA-8912-25A83BAFBB7F}.Debug|Any CPU.ActiveCfg = Debug|Any CPU
		{9DF25407-AB23-4FBA-8912-25A83BAFBB7F}.Debug|Any CPU.Build.0 = Debug|Any CPU
		{9DF25407-AB23-4FBA-8912-25A83BAFBB7F}.Release|Any CPU.ActiveCfg = Release|Any CPU
		{9DF25407-AB23-4FBA-8912-25A83BAFBB7F}.Release|Any CPU.Build.0 = Release|Any CPU
		{47CC2DEC-97D0-45A7-9160-2C50E6FE9D1F}.Debug|Any CPU.ActiveCfg = Debug|Any CPU
		{47CC2DEC-97D0-45A7-9160-2C50E6FE9D1F}.Debug|Any CPU.Build.0 = Debug|Any CPU
		{47CC2DEC-97D0-45A7-9160-2C50E6FE9D1F}.Release|Any CPU.ActiveCfg = Release|Any CPU
		{47CC2DEC-97D0-45A7-9160-2C50E6FE9D1F}.Release|Any CPU.Build.0 = Release|Any CPU
		{507352E5-4CD9-48CB-8822-0A77E1336E65}.Debug|Any CPU.ActiveCfg = Debug|Any CPU
		{507352E5-4CD9-48CB-8822-0A77E1336E65}.Debug|Any CPU.Build.0 = Debug|Any CPU
		{507352E5-4CD9-48CB-8822-0A77E1336E65}.Release|Any CPU.ActiveCfg = Release|Any CPU
		{507352E5-4CD9-48CB-8822-0A77E1336E65}.Release|Any CPU.Build.0 = Release|Any CPU
		{138FA58A-EA42-4E34-B66D-BB364DE92023}.Debug|Any CPU.ActiveCfg = Debug|Any CPU
		{138FA58A-EA42-4E34-B66D-BB364DE92023}.Debug|Any CPU.Build.0 = Debug|Any CPU
		{138FA58A-EA42-4E34-B66D-BB364DE92023}.Release|Any CPU.ActiveCfg = Release|Any CPU
		{138FA58A-EA42-4E34-B66D-BB364DE92023}.Release|Any CPU.Build.0 = Release|Any CPU
		{2833132B-00DB-4E0A-AEF3-998081C7A80C}.Debug|Any CPU.ActiveCfg = Debug|Any CPU
		{2833132B-00DB-4E0A-AEF3-998081C7A80C}.Debug|Any CPU.Build.0 = Debug|Any CPU
		{2833132B-00DB-4E0A-AEF3-998081C7A80C}.Release|Any CPU.ActiveCfg = Release|Any CPU
		{2833132B-00DB-4E0A-AEF3-998081C7A80C}.Release|Any CPU.Build.0 = Release|Any CPU
		{BEEC20DD-4A32-47E3-9E69-317A0088E2E5}.Debug|Any CPU.ActiveCfg = Debug|Any CPU
		{BEEC20DD-4A32-47E3-9E69-317A0088E2E5}.Debug|Any CPU.Build.0 = Debug|Any CPU
		{BEEC20DD-4A32-47E3-9E69-317A0088E2E5}.Release|Any CPU.ActiveCfg = Release|Any CPU
		{BEEC20DD-4A32-47E3-9E69-317A0088E2E5}.Release|Any CPU.Build.0 = Release|Any CPU
		{0E37B491-F208-4554-9BB9-2D325D133BF8}.Debug|Any CPU.ActiveCfg = Debug|Any CPU
		{0E37B491-F208-4554-9BB9-2D325D133BF8}.Debug|Any CPU.Build.0 = Debug|Any CPU
		{0E37B491-F208-4554-9BB9-2D325D133BF8}.Release|Any CPU.ActiveCfg = Release|Any CPU
		{0E37B491-F208-4554-9BB9-2D325D133BF8}.Release|Any CPU.Build.0 = Release|Any CPU
		{92F893CB-A2BC-4588-B47E-C4EB2D109F69}.Debug|Any CPU.ActiveCfg = Debug|Any CPU
		{92F893CB-A2BC-4588-B47E-C4EB2D109F69}.Debug|Any CPU.Build.0 = Debug|Any CPU
		{92F893CB-A2BC-4588-B47E-C4EB2D109F69}.Release|Any CPU.ActiveCfg = Release|Any CPU
		{92F893CB-A2BC-4588-B47E-C4EB2D109F69}.Release|Any CPU.Build.0 = Release|Any CPU
		{245B8197-7960-4140-8616-D57DA8538521}.Debug|Any CPU.ActiveCfg = Debug|Any CPU
		{245B8197-7960-4140-8616-D57DA8538521}.Debug|Any CPU.Build.0 = Debug|Any CPU
		{245B8197-7960-4140-8616-D57DA8538521}.Release|Any CPU.ActiveCfg = Release|Any CPU
		{245B8197-7960-4140-8616-D57DA8538521}.Release|Any CPU.Build.0 = Release|Any CPU
		{4C3A60A1-51A3-4865-9B4E-52633DA1A736}.Debug|Any CPU.ActiveCfg = Debug|Any CPU
		{4C3A60A1-51A3-4865-9B4E-52633DA1A736}.Debug|Any CPU.Build.0 = Debug|Any CPU
		{4C3A60A1-51A3-4865-9B4E-52633DA1A736}.Release|Any CPU.ActiveCfg = Release|Any CPU
		{4C3A60A1-51A3-4865-9B4E-52633DA1A736}.Release|Any CPU.Build.0 = Release|Any CPU
		{C8CE0762-0649-4F0D-87FC-DFE17E3BE138}.Debug|Any CPU.ActiveCfg = Debug|Any CPU
		{C8CE0762-0649-4F0D-87FC-DFE17E3BE138}.Debug|Any CPU.Build.0 = Debug|Any CPU
		{C8CE0762-0649-4F0D-87FC-DFE17E3BE138}.Release|Any CPU.ActiveCfg = Release|Any CPU
		{C8CE0762-0649-4F0D-87FC-DFE17E3BE138}.Release|Any CPU.Build.0 = Release|Any CPU
	EndGlobalSection
	GlobalSection(SolutionProperties) = preSolution
		HideSolutionNode = FALSE
	EndGlobalSection
	GlobalSection(NestedProjects) = preSolution
		{CA445509-0C08-410A-BE5E-49550DDB2210} = {01C8F1D7-49E2-47F3-8E1C-45928755DDEE}
		{D2BB07CA-D60C-4B7F-A9B6-3105CC708C6C} = {01C8F1D7-49E2-47F3-8E1C-45928755DDEE}
		{680D49C4-9068-40AB-A1AB-79EB02204E15} = {01C8F1D7-49E2-47F3-8E1C-45928755DDEE}
		{77DF50AF-577D-4500-84F4-738CC64FCA3B} = {01C8F1D7-49E2-47F3-8E1C-45928755DDEE}
		{5ED15635-EF77-47DD-8DAE-606B0E140066} = {01C8F1D7-49E2-47F3-8E1C-45928755DDEE}
		{9152F36E-113A-4ED0-AD0D-99A980329482} = {01C8F1D7-49E2-47F3-8E1C-45928755DDEE}
		{DDEFC674-C1B2-4660-BAEE-7E0FA80B98A1} = {01C8F1D7-49E2-47F3-8E1C-45928755DDEE}
		{75257A7B-953C-448C-915F-73E491B1D2D8} = {01C8F1D7-49E2-47F3-8E1C-45928755DDEE}
		{F582F28A-80D8-490A-B01E-872B37FB7C79} = {01C8F1D7-49E2-47F3-8E1C-45928755DDEE}
		{712FDBE4-E886-41B4-888E-5D6CF38EC91A} = {01C8F1D7-49E2-47F3-8E1C-45928755DDEE}
		{2E2C9449-130D-45B2-9596-070081A61A75} = {01C8F1D7-49E2-47F3-8E1C-45928755DDEE}
		{840481DB-D275-4ACB-BAC9-B765CC3F0AE3} = {01C8F1D7-49E2-47F3-8E1C-45928755DDEE}
		{E04768FC-1758-412B-9B12-93F4C192455E} = {01C8F1D7-49E2-47F3-8E1C-45928755DDEE}
		{DB6FAD84-2714-468C-A243-161D79BAC713} = {01C8F1D7-49E2-47F3-8E1C-45928755DDEE}
		{A83FBE72-8ACA-44CD-A126-22122FF95F29} = {01C8F1D7-49E2-47F3-8E1C-45928755DDEE}
		{CF631611-527F-4CA5-99C2-948E88AE9C64} = {01C8F1D7-49E2-47F3-8E1C-45928755DDEE}
		{6D2A45AB-D28D-4C98-B9E7-F1F95FAC1898} = {01C8F1D7-49E2-47F3-8E1C-45928755DDEE}
		{7B25758E-8613-4873-A8D1-66B78AE8103C} = {01C8F1D7-49E2-47F3-8E1C-45928755DDEE}
		{300BFAD2-D9AC-45D5-A75D-1DA478CB677A} = {01C8F1D7-49E2-47F3-8E1C-45928755DDEE}
		{95E25FBC-37AB-4CAC-B5E2-595ABDF8ED13} = {01C8F1D7-49E2-47F3-8E1C-45928755DDEE}
		{EA00F137-893C-4449-8BD4-D648D14DD8B4} = {01C8F1D7-49E2-47F3-8E1C-45928755DDEE}
		{DC66AA74-B392-4709-A859-089EDD5A32CB} = {01C8F1D7-49E2-47F3-8E1C-45928755DDEE}
		{BB1F561A-ED7E-4C58-8E3C-B157DF736D1F} = {01C8F1D7-49E2-47F3-8E1C-45928755DDEE}
		{9DF25407-AB23-4FBA-8912-25A83BAFBB7F} = {01C8F1D7-49E2-47F3-8E1C-45928755DDEE}
		{47CC2DEC-97D0-45A7-9160-2C50E6FE9D1F} = {01C8F1D7-49E2-47F3-8E1C-45928755DDEE}
		{507352E5-4CD9-48CB-8822-0A77E1336E65} = {01C8F1D7-49E2-47F3-8E1C-45928755DDEE}
		{138FA58A-EA42-4E34-B66D-BB364DE92023} = {01C8F1D7-49E2-47F3-8E1C-45928755DDEE}
		{2833132B-00DB-4E0A-AEF3-998081C7A80C} = {01C8F1D7-49E2-47F3-8E1C-45928755DDEE}
		{BEEC20DD-4A32-47E3-9E69-317A0088E2E5} = {01C8F1D7-49E2-47F3-8E1C-45928755DDEE}
		{0E37B491-F208-4554-9BB9-2D325D133BF8} = {01C8F1D7-49E2-47F3-8E1C-45928755DDEE}
		{92F893CB-A2BC-4588-B47E-C4EB2D109F69} = {01C8F1D7-49E2-47F3-8E1C-45928755DDEE}
		{245B8197-7960-4140-8616-D57DA8538521} = {01C8F1D7-49E2-47F3-8E1C-45928755DDEE}
		{4C3A60A1-51A3-4865-9B4E-52633DA1A736} = {01C8F1D7-49E2-47F3-8E1C-45928755DDEE}
		{C8CE0762-0649-4F0D-87FC-DFE17E3BE138} = {01C8F1D7-49E2-47F3-8E1C-45928755DDEE}
	EndGlobalSection
	GlobalSection(ExtensibilityGlobals) = postSolution
		SolutionGuid = {0F07CE6B-D7F9-4E39-923B-869B01505612}
	EndGlobalSection
EndGlobal
